
Microsoft Visual Studio Solution File, Format Version 12.00
Project("{2150E333-8FDC-42A3-9474-1A3956D46DE8}") = "LessonOne", "LessonOne", "{98E3B392-9389-4193-B15A-114E3C17D5B2}"
EndProject
Project("{2150E333-8FDC-42A3-9474-1A3956D46DE8}") = "KizzBuzzKata", "KizzBuzzKata", "{28BC5198-E725-41A5-921F-1CF119A52488}"
EndProject
Project("{FAE04EC0-301F-11D3-BF4B-00C04F79EFBC}") = "src", "LessonOne\FizzBuzzKata\src\src.csproj", "{539345AF-DE45-460F-A26B-3322680453A6}"
EndProject
Project("{FAE04EC0-301F-11D3-BF4B-00C04F79EFBC}") = "tests", "LessonOne\FizzBuzzKata\tests\tests.csproj", "{799C4C59-085D-4489-BA70-5434A335C3B1}"
EndProject
Project("{2150E333-8FDC-42A3-9474-1A3956D46DE8}") = "LeapYearKata", "LeapYearKata", "{EF84FC8C-AB90-09E0-6811-A399A66A0C21}"
EndProject
Project("{FAE04EC0-301F-11D3-BF4B-00C04F79EFBC}") = "src", "LessonOne\LeapYearKata\src\src.csproj", "{C78EDE39-17EE-48D2-8FFD-61A08E9E14CF}"
EndProject
Project("{FAE04EC0-301F-11D3-BF4B-00C04F79EFBC}") = "tests", "LessonOne\LeapYearKata\tests\tests.csproj", "{C1B844E1-FE4E-4195-9001-91BC48D5C8D0}"
EndProject
Project("{2150E333-8FDC-42A3-9474-1A3956D46DE8}") = "CodeWars", "CodeWars", "{30FC3232-6477-CCD6-94A9-BA7CFF9E93A0}"
EndProject
Project("{2150E333-8FDC-42A3-9474-1A3956D46DE8}") = "ValidParentheses", "ValidParentheses", "{0CEB9FF1-5F51-F247-67CD-090CA9F52E47}"
EndProject
Project("{FAE04EC0-301F-11D3-BF4B-00C04F79EFBC}") = "src", "CodeWars\ValidParentheses\src\src.csproj", "{AC66CABC-5FB7-49B9-B30E-3BDB171EDD26}"
EndProject
Project("{FAE04EC0-301F-11D3-BF4B-00C04F79EFBC}") = "tests", "CodeWars\ValidParentheses\tests\tests.csproj", "{642AEDBC-97C4-4DC0-B635-2D521CFC986C}"
EndProject
Global
	GlobalSection(SolutionConfigurationPlatforms) = preSolution
		Debug|Any CPU = Debug|Any CPU
		Debug|x64 = Debug|x64
		Debug|x86 = Debug|x86
		Release|Any CPU = Release|Any CPU
		Release|x64 = Release|x64
		Release|x86 = Release|x86
	EndGlobalSection
	GlobalSection(ProjectConfigurationPlatforms) = postSolution
		{539345AF-DE45-460F-A26B-3322680453A6}.Debug|Any CPU.ActiveCfg = Debug|Any CPU
		{539345AF-DE45-460F-A26B-3322680453A6}.Debug|Any CPU.Build.0 = Debug|Any CPU
		{539345AF-DE45-460F-A26B-3322680453A6}.Debug|x64.ActiveCfg = Debug|Any CPU
		{539345AF-DE45-460F-A26B-3322680453A6}.Debug|x64.Build.0 = Debug|Any CPU
		{539345AF-DE45-460F-A26B-3322680453A6}.Debug|x86.ActiveCfg = Debug|Any CPU
		{539345AF-DE45-460F-A26B-3322680453A6}.Debug|x86.Build.0 = Debug|Any CPU
		{539345AF-DE45-460F-A26B-3322680453A6}.Release|Any CPU.ActiveCfg = Release|Any CPU
		{539345AF-DE45-460F-A26B-3322680453A6}.Release|Any CPU.Build.0 = Release|Any CPU
		{539345AF-DE45-460F-A26B-3322680453A6}.Release|x64.ActiveCfg = Release|Any CPU
		{539345AF-DE45-460F-A26B-3322680453A6}.Release|x64.Build.0 = Release|Any CPU
		{539345AF-DE45-460F-A26B-3322680453A6}.Release|x86.ActiveCfg = Release|Any CPU
		{539345AF-DE45-460F-A26B-3322680453A6}.Release|x86.Build.0 = Release|Any CPU
		{799C4C59-085D-4489-BA70-5434A335C3B1}.Debug|Any CPU.ActiveCfg = Debug|Any CPU
		{799C4C59-085D-4489-BA70-5434A335C3B1}.Debug|Any CPU.Build.0 = Debug|Any CPU
		{799C4C59-085D-4489-BA70-5434A335C3B1}.Debug|x64.ActiveCfg = Debug|Any CPU
		{799C4C59-085D-4489-BA70-5434A335C3B1}.Debug|x64.Build.0 = Debug|Any CPU
		{799C4C59-085D-4489-BA70-5434A335C3B1}.Debug|x86.ActiveCfg = Debug|Any CPU
		{799C4C59-085D-4489-BA70-5434A335C3B1}.Debug|x86.Build.0 = Debug|Any CPU
		{799C4C59-085D-4489-BA70-5434A335C3B1}.Release|Any CPU.ActiveCfg = Release|Any CPU
		{799C4C59-085D-4489-BA70-5434A335C3B1}.Release|Any CPU.Build.0 = Release|Any CPU
		{799C4C59-085D-4489-BA70-5434A335C3B1}.Release|x64.ActiveCfg = Release|Any CPU
		{799C4C59-085D-4489-BA70-5434A335C3B1}.Release|x64.Build.0 = Release|Any CPU
		{799C4C59-085D-4489-BA70-5434A335C3B1}.Release|x86.ActiveCfg = Release|Any CPU
		{799C4C59-085D-4489-BA70-5434A335C3B1}.Release|x86.Build.0 = Release|Any CPU
		{C78EDE39-17EE-48D2-8FFD-61A08E9E14CF}.Debug|Any CPU.ActiveCfg = Debug|Any CPU
		{C78EDE39-17EE-48D2-8FFD-61A08E9E14CF}.Debug|Any CPU.Build.0 = Debug|Any CPU
		{C78EDE39-17EE-48D2-8FFD-61A08E9E14CF}.Debug|x64.ActiveCfg = Debug|Any CPU
		{C78EDE39-17EE-48D2-8FFD-61A08E9E14CF}.Debug|x64.Build.0 = Debug|Any CPU
		{C78EDE39-17EE-48D2-8FFD-61A08E9E14CF}.Debug|x86.ActiveCfg = Debug|Any CPU
		{C78EDE39-17EE-48D2-8FFD-61A08E9E14CF}.Debug|x86.Build.0 = Debug|Any CPU
		{C78EDE39-17EE-48D2-8FFD-61A08E9E14CF}.Release|Any CPU.ActiveCfg = Release|Any CPU
		{C78EDE39-17EE-48D2-8FFD-61A08E9E14CF}.Release|Any CPU.Build.0 = Release|Any CPU
		{C78EDE39-17EE-48D2-8FFD-61A08E9E14CF}.Release|x64.ActiveCfg = Release|Any CPU
		{C78EDE39-17EE-48D2-8FFD-61A08E9E14CF}.Release|x64.Build.0 = Release|Any CPU
		{C78EDE39-17EE-48D2-8FFD-61A08E9E14CF}.Release|x86.ActiveCfg = Release|Any CPU
		{C78EDE39-17EE-48D2-8FFD-61A08E9E14CF}.Release|x86.Build.0 = Release|Any CPU
		{C1B844E1-FE4E-4195-9001-91BC48D5C8D0}.Debug|Any CPU.ActiveCfg = Debug|Any CPU
		{C1B844E1-FE4E-4195-9001-91BC48D5C8D0}.Debug|Any CPU.Build.0 = Debug|Any CPU
		{C1B844E1-FE4E-4195-9001-91BC48D5C8D0}.Debug|x64.ActiveCfg = Debug|Any CPU
		{C1B844E1-FE4E-4195-9001-91BC48D5C8D0}.Debug|x64.Build.0 = Debug|Any CPU
		{C1B844E1-FE4E-4195-9001-91BC48D5C8D0}.Debug|x86.ActiveCfg = Debug|Any CPU
		{C1B844E1-FE4E-4195-9001-91BC48D5C8D0}.Debug|x86.Build.0 = Debug|Any CPU
		{C1B844E1-FE4E-4195-9001-91BC48D5C8D0}.Release|Any CPU.ActiveCfg = Release|Any CPU
		{C1B844E1-FE4E-4195-9001-91BC48D5C8D0}.Release|Any CPU.Build.0 = Release|Any CPU
		{C1B844E1-FE4E-4195-9001-91BC48D5C8D0}.Release|x64.ActiveCfg = Release|Any CPU
		{C1B844E1-FE4E-4195-9001-91BC48D5C8D0}.Release|x64.Build.0 = Release|Any CPU
		{C1B844E1-FE4E-4195-9001-91BC48D5C8D0}.Release|x86.ActiveCfg = Release|Any CPU
		{C1B844E1-FE4E-4195-9001-91BC48D5C8D0}.Release|x86.Build.0 = Release|Any CPU
		{AC66CABC-5FB7-49B9-B30E-3BDB171EDD26}.Debug|Any CPU.ActiveCfg = Debug|Any CPU
		{AC66CABC-5FB7-49B9-B30E-3BDB171EDD26}.Debug|Any CPU.Build.0 = Debug|Any CPU
		{AC66CABC-5FB7-49B9-B30E-3BDB171EDD26}.Debug|x64.ActiveCfg = Debug|Any CPU
		{AC66CABC-5FB7-49B9-B30E-3BDB171EDD26}.Debug|x64.Build.0 = Debug|Any CPU
		{AC66CABC-5FB7-49B9-B30E-3BDB171EDD26}.Debug|x86.ActiveCfg = Debug|Any CPU
		{AC66CABC-5FB7-49B9-B30E-3BDB171EDD26}.Debug|x86.Build.0 = Debug|Any CPU
		{AC66CABC-5FB7-49B9-B30E-3BDB171EDD26}.Release|Any CPU.ActiveCfg = Release|Any CPU
		{AC66CABC-5FB7-49B9-B30E-3BDB171EDD26}.Release|Any CPU.Build.0 = Release|Any CPU
		{AC66CABC-5FB7-49B9-B30E-3BDB171EDD26}.Release|x64.ActiveCfg = Release|Any CPU
		{AC66CABC-5FB7-49B9-B30E-3BDB171EDD26}.Release|x64.Build.0 = Release|Any CPU
		{AC66CABC-5FB7-49B9-B30E-3BDB171EDD26}.Release|x86.ActiveCfg = Release|Any CPU
		{AC66CABC-5FB7-49B9-B30E-3BDB171EDD26}.Release|x86.Build.0 = Release|Any CPU
		{642AEDBC-97C4-4DC0-B635-2D521CFC986C}.Debug|Any CPU.ActiveCfg = Debug|Any CPU
		{642AEDBC-97C4-4DC0-B635-2D521CFC986C}.Debug|Any CPU.Build.0 = Debug|Any CPU
		{642AEDBC-97C4-4DC0-B635-2D521CFC986C}.Debug|x64.ActiveCfg = Debug|Any CPU
		{642AEDBC-97C4-4DC0-B635-2D521CFC986C}.Debug|x64.Build.0 = Debug|Any CPU
		{642AEDBC-97C4-4DC0-B635-2D521CFC986C}.Debug|x86.ActiveCfg = Debug|Any CPU
		{642AEDBC-97C4-4DC0-B635-2D521CFC986C}.Debug|x86.Build.0 = Debug|Any CPU
		{642AEDBC-97C4-4DC0-B635-2D521CFC986C}.Release|Any CPU.ActiveCfg = Release|Any CPU
		{642AEDBC-97C4-4DC0-B635-2D521CFC986C}.Release|Any CPU.Build.0 = Release|Any CPU
		{642AEDBC-97C4-4DC0-B635-2D521CFC986C}.Release|x64.ActiveCfg = Release|Any CPU
		{642AEDBC-97C4-4DC0-B635-2D521CFC986C}.Release|x64.Build.0 = Release|Any CPU
		{642AEDBC-97C4-4DC0-B635-2D521CFC986C}.Release|x86.ActiveCfg = Release|Any CPU
		{642AEDBC-97C4-4DC0-B635-2D521CFC986C}.Release|x86.Build.0 = Release|Any CPU
	EndGlobalSection
	GlobalSection(SolutionProperties) = preSolution
		HideSolutionNode = FALSE
	EndGlobalSection
	GlobalSection(NestedProjects) = preSolution
		{28BC5198-E725-41A5-921F-1CF119A52488} = {98E3B392-9389-4193-B15A-114E3C17D5B2}
		{539345AF-DE45-460F-A26B-3322680453A6} = {28BC5198-E725-41A5-921F-1CF119A52488}
		{799C4C59-085D-4489-BA70-5434A335C3B1} = {28BC5198-E725-41A5-921F-1CF119A52488}
		{EF84FC8C-AB90-09E0-6811-A399A66A0C21} = {98E3B392-9389-4193-B15A-114E3C17D5B2}
		{C78EDE39-17EE-48D2-8FFD-61A08E9E14CF} = {EF84FC8C-AB90-09E0-6811-A399A66A0C21}
		{C1B844E1-FE4E-4195-9001-91BC48D5C8D0} = {EF84FC8C-AB90-09E0-6811-A399A66A0C21}
		{0CEB9FF1-5F51-F247-67CD-090CA9F52E47} = {30FC3232-6477-CCD6-94A9-BA7CFF9E93A0}
		{AC66CABC-5FB7-49B9-B30E-3BDB171EDD26} = {0CEB9FF1-5F51-F247-67CD-090CA9F52E47}
		{642AEDBC-97C4-4DC0-B635-2D521CFC986C} = {0CEB9FF1-5F51-F247-67CD-090CA9F52E47}
	EndGlobalSection
EndGlobal
