
Microsoft Visual Studio Solution File, Format Version 12.00
Project("{2150E333-8FDC-42A3-9474-1A3956D46DE8}") = "LessonOne", "LessonOne", "{98E3B392-9389-4193-B15A-114E3C17D5B2}"
EndProject
Project("{2150E333-8FDC-42A3-9474-1A3956D46DE8}") = "KizzBuzzKata", "KizzBuzzKata", "{28BC5198-E725-41A5-921F-1CF119A52488}"
EndProject
Project("{FAE04EC0-301F-11D3-BF4B-00C04F79EFBC}") = "src", "LessonOne\FizzBuzzKata\src\src.csproj", "{539345AF-DE45-460F-A26B-3322680453A6}"
EndProject
Project("{FAE04EC0-301F-11D3-BF4B-00C04F79EFBC}") = "tests", "LessonOne\FizzBuzzKata\tests\tests.csproj", "{799C4C59-085D-4489-BA70-5434A335C3B1}"
EndProject
Project("{2150E333-8FDC-42A3-9474-1A3956D46DE8}") = "LeapYearKata", "LeapYearKata", "{EF84FC8C-AB90-09E0-6811-A399A66A0C21}"
EndProject
Project("{FAE04EC0-301F-11D3-BF4B-00C04F79EFBC}") = "src", "LessonOne\LeapYearKata\src\src.csproj", "{C78EDE39-17EE-48D2-8FFD-61A08E9E14CF}"
EndProject
Project("{FAE04EC0-301F-11D3-BF4B-00C04F79EFBC}") = "tests", "LessonOne\LeapYearKata\tests\tests.csproj", "{C1B844E1-FE4E-4195-9001-91BC48D5C8D0}"
EndProject
Project("{2150E333-8FDC-42A3-9474-1A3956D46DE8}") = "CodeWars", "CodeWars", "{30FC3232-6477-CCD6-94A9-BA7CFF9E93A0}"
EndProject
Project("{2150E333-8FDC-42A3-9474-1A3956D46DE8}") = "ValidParentheses", "ValidParentheses", "{0CEB9FF1-5F51-F247-67CD-090CA9F52E47}"
EndProject
Project("{FAE04EC0-301F-11D3-BF4B-00C04F79EFBC}") = "src", "CodeWars\ValidParentheses\src\src.csproj", "{AC66CABC-5FB7-49B9-B30E-3BDB171EDD26}"
EndProject
Project("{FAE04EC0-301F-11D3-BF4B-00C04F79EFBC}") = "tests", "CodeWars\ValidParentheses\tests\tests.csproj", "{642AEDBC-97C4-4DC0-B635-2D521CFC986C}"
EndProject
Project("{2150E333-8FDC-42A3-9474-1A3956D46DE8}") = "NthFibonacci", "NthFibonacci", "{3F96A609-288E-63EB-EC4B-2EBED5811170}"
EndProject
Project("{FAE04EC0-301F-11D3-BF4B-00C04F79EFBC}") = "src", "LessonOne\NthFibonacci\src\src.csproj", "{947EF8AF-09CE-403A-9263-84D52EB2CDA3}"
EndProject
Project("{FAE04EC0-301F-11D3-BF4B-00C04F79EFBC}") = "tests", "LessonOne\NthFibonacci\tests\tests.csproj", "{88739322-A8B7-4F21-91DE-0A82510CEB45}"
EndProject
Project("{2150E333-8FDC-42A3-9474-1A3956D46DE8}") = "LessonTwo", "LessonTwo", "{B7F0FD74-D10E-4DAC-15B0-2CB13D629525}"
EndProject
Project("{2150E333-8FDC-42A3-9474-1A3956D46DE8}") = "StringCalculatorKata", "StringCalculatorKata", "{B472A0AB-7796-BDA5-135C-C62B788F91F5}"
EndProject
Project("{FAE04EC0-301F-11D3-BF4B-00C04F79EFBC}") = "src", "LessonTwo\StringCalculatorKata\src\src.csproj", "{B8EC8F3E-6A26-4359-8F57-1DC3B98E3E93}"
EndProject
Project("{FAE04EC0-301F-11D3-BF4B-00C04F79EFBC}") = "tests", "LessonTwo\StringCalculatorKata\tests\tests.csproj", "{2AECD9CB-7616-4B0A-B86F-6B16CCBB80F5}"
EndProject
Project("{2150E333-8FDC-42A3-9474-1A3956D46DE8}") = "CogsebisGearNetwork", "CogsebisGearNetwork", "{CC397BF5-226B-3826-BE11-7BFA7E3F5B1A}"
EndProject
Project("{FAE04EC0-301F-11D3-BF4B-00C04F79EFBC}") = "src", "CodeWars\CogsebisGearNetwork\src\src.csproj", "{5D9ED92D-D238-4CA8-A3F2-B9F98DF87284}"
EndProject
Project("{FAE04EC0-301F-11D3-BF4B-00C04F79EFBC}") = "tests", "CodeWars\CogsebisGearNetwork\tests\tests.csproj", "{536D1B40-340F-4AAE-9FEB-156180347DDB}"
EndProject
Project("{2150E333-8FDC-42A3-9474-1A3956D46DE8}") = "BowlingGameKata", "BowlingGameKata", "{CD60C9B3-4270-F7B0-BB63-A62E0600FD9D}"
EndProject
Project("{FAE04EC0-301F-11D3-BF4B-00C04F79EFBC}") = "src", "LessonTwo\BowlingGameKata\src\src.csproj", "{5C16EA5E-042A-4581-9400-151577A309A1}"
EndProject
Project("{FAE04EC0-301F-11D3-BF4B-00C04F79EFBC}") = "tests", "LessonTwo\BowlingGameKata\tests\tests.csproj", "{4A8485A4-B69F-4B71-AA1C-06A84251C029}"
EndProject
Project("{2150E333-8FDC-42A3-9474-1A3956D46DE8}") = "EnumerableMagic", "EnumerableMagic", "{25B9708A-B2BB-CA91-5FFE-676A6EAE51E6}"
EndProject
Project("{FAE04EC0-301F-11D3-BF4B-00C04F79EFBC}") = "src", "CodeWars\EnumerableMagic\src\src.csproj", "{5D09A9D4-F3C5-45C5-9C5D-DDEBC316581A}"
EndProject
Project("{FAE04EC0-301F-11D3-BF4B-00C04F79EFBC}") = "tests", "CodeWars\EnumerableMagic\tests\tests.csproj", "{E2EC2718-00B3-4333-8A19-8C8F4BD1926E}"
EndProject
Project("{2150E333-8FDC-42A3-9474-1A3956D46DE8}") = "CaffineScriptKata", "CaffineScriptKata", "{59284318-7911-E097-F0B4-FB199064F136}"
EndProject
Project("{FAE04EC0-301F-11D3-BF4B-00C04F79EFBC}") = "src", "CodeWars\CaffineScriptKata\src\src.csproj", "{86D9B896-D34F-4B9A-BFC5-336C271479BF}"
EndProject
Project("{FAE04EC0-301F-11D3-BF4B-00C04F79EFBC}") = "tests", "CodeWars\CaffineScriptKata\tests\tests.csproj", "{19A80589-2E8E-49CB-8558-B3A3EB4052BD}"
EndProject
Project("{2150E333-8FDC-42A3-9474-1A3956D46DE8}") = "KnightVsRook", "KnightVsRook", "{DD29013A-7283-3CFC-1B29-AEAD313B2D6F}"
EndProject
Project("{FAE04EC0-301F-11D3-BF4B-00C04F79EFBC}") = "src", "CodeWars\KnightVsRook\src\src.csproj", "{6D85B70C-2B2B-4F2D-9C78-F309E9C6C7D5}"
EndProject
Project("{FAE04EC0-301F-11D3-BF4B-00C04F79EFBC}") = "tests", "CodeWars\KnightVsRook\tests\tests.csproj", "{45C06773-07A9-4378-A333-D86490BC771B}"
EndProject
Project("{2150E333-8FDC-42A3-9474-1A3956D46DE8}") = "LessonThree", "LessonThree", "{B84763AB-2C0A-15F6-85D9-5C63AF1F83B9}"
EndProject
Project("{2150E333-8FDC-42A3-9474-1A3956D46DE8}") = "RomanNumbersKata", "RomanNumbersKata", "{315DA31C-FFFA-F521-25F8-91D878ED3D1C}"
EndProject
Project("{FAE04EC0-301F-11D3-BF4B-00C04F79EFBC}") = "src", "LessonThree\RomanNumbersKata\src\src.csproj", "{86F305E0-19AE-4C36-8A8A-E7096BE4E740}"
EndProject
Project("{FAE04EC0-301F-11D3-BF4B-00C04F79EFBC}") = "tests", "LessonThree\RomanNumbersKata\tests\tests.csproj", "{CEF83676-CE02-41E8-8B81-1EF20FE63E9B}"
EndProject
Project("{2150E333-8FDC-42A3-9474-1A3956D46DE8}") = "TitleCase", "TitleCase", "{B58AB4CE-137A-39B2-563D-5251A1F37346}"
EndProject
Project("{FAE04EC0-301F-11D3-BF4B-00C04F79EFBC}") = "src", "CodeWars\TitleCase\src\src.csproj", "{79D30A8E-ACFD-41E9-B494-3F43D9818BB4}"
EndProject
Project("{FAE04EC0-301F-11D3-BF4B-00C04F79EFBC}") = "tests", "CodeWars\TitleCase\tests\tests.csproj", "{F95B0FB4-2EF5-41B1-8B0F-9E711823A89E}"
EndProject
Project("{2150E333-8FDC-42A3-9474-1A3956D46DE8}") = "BreakCamelCase", "BreakCamelCase", "{435B8F76-864E-8864-424E-2089FDE2E195}"
EndProject
Project("{FAE04EC0-301F-11D3-BF4B-00C04F79EFBC}") = "src", "CodeWars\BreakCamelCase\src\src.csproj", "{0EC56521-F2D7-4507-ADBB-1E66537D2EBA}"
EndProject
Project("{FAE04EC0-301F-11D3-BF4B-00C04F79EFBC}") = "tests", "CodeWars\BreakCamelCase\tests\tests.csproj", "{4C50E8CE-51E6-416C-9E87-7B0DC5DE7370}"
EndProject
Project("{2150E333-8FDC-42A3-9474-1A3956D46DE8}") = "ROT13", "ROT13", "{530DE880-3135-1E0E-A97B-BF5668889A49}"
EndProject
Project("{FAE04EC0-301F-11D3-BF4B-00C04F79EFBC}") = "src", "CodeWars\ROT13\src\src.csproj", "{7AFC51C8-29EA-4674-9FCA-D4F46607D48E}"
EndProject
Project("{FAE04EC0-301F-11D3-BF4B-00C04F79EFBC}") = "tests", "CodeWars\ROT13\tests\tests.csproj", "{D61DFFF7-AB53-4449-A1C9-929005ED3975}"
EndProject
Project("{2150E333-8FDC-42A3-9474-1A3956D46DE8}") = "LessonFour", "LessonFour", "{EB21DE35-177B-7925-85FC-490A0361D823}"
EndProject
Project("{2150E333-8FDC-42A3-9474-1A3956D46DE8}") = "LessonFour", "LessonFour", "{4F6D711F-6405-F7C7-ED36-33721678DD06}"
EndProject
Project("{FAE04EC0-301F-11D3-BF4B-00C04F79EFBC}") = "src", "LessonFour\LessonFour\src\src.csproj", "{B1ADA0CC-785E-4DFA-A21E-1E8C0D9AA1E4}"
EndProject
Project("{FAE04EC0-301F-11D3-BF4B-00C04F79EFBC}") = "tests", "LessonFour\LessonFour\tests\tests.csproj", "{28429BA0-9ABA-4A9D-8F12-0974A9CC0CC4}"
EndProject
Project("{2150E333-8FDC-42A3-9474-1A3956D46DE8}") = "LessonFive", "LessonFive", "{44D44398-2A6E-0B55-6EAB-C346F2DBF547}"
EndProject
Project("{2150E333-8FDC-42A3-9474-1A3956D46DE8}") = "TicTacToe2", "TicTacToe2", "{91DD48A2-5787-26DF-8CB7-337B8FA836B9}"
EndProject
Project("{FAE04EC0-301F-11D3-BF4B-00C04F79EFBC}") = "src", "LessonFive\TicTacToe2\src\src.csproj", "{9E7F4EBE-D77E-475E-928E-C96CAFB43698}"
EndProject
Project("{FAE04EC0-301F-11D3-BF4B-00C04F79EFBC}") = "tests", "LessonFive\TicTacToe2\tests\tests.csproj", "{5ED84691-F140-4461-86F5-CDD2CFE46818}"
EndProject
Project("{2150E333-8FDC-42A3-9474-1A3956D46DE8}") = "GreedIsGood", "GreedIsGood", "{2984D5A6-4DD1-C1AC-118D-C01B925B6098}"
EndProject
Project("{FAE04EC0-301F-11D3-BF4B-00C04F79EFBC}") = "src", "CodeWars\GreedIsGood\src\src.csproj", "{9B7F79D9-4F8C-4887-B068-FAE9B017B2FF}"
EndProject
Project("{FAE04EC0-301F-11D3-BF4B-00C04F79EFBC}") = "tests", "CodeWars\GreedIsGood\tests\tests.csproj", "{80C95627-75C9-45EA-8C98-5A1764CF61D6}"
EndProject
Global
	GlobalSection(SolutionConfigurationPlatforms) = preSolution
		Debug|Any CPU = Debug|Any CPU
		Debug|x64 = Debug|x64
		Debug|x86 = Debug|x86
		Release|Any CPU = Release|Any CPU
		Release|x64 = Release|x64
		Release|x86 = Release|x86
	EndGlobalSection
	GlobalSection(ProjectConfigurationPlatforms) = postSolution
		{539345AF-DE45-460F-A26B-3322680453A6}.Debug|Any CPU.ActiveCfg = Debug|Any CPU
		{539345AF-DE45-460F-A26B-3322680453A6}.Debug|Any CPU.Build.0 = Debug|Any CPU
		{539345AF-DE45-460F-A26B-3322680453A6}.Debug|x64.ActiveCfg = Debug|Any CPU
		{539345AF-DE45-460F-A26B-3322680453A6}.Debug|x64.Build.0 = Debug|Any CPU
		{539345AF-DE45-460F-A26B-3322680453A6}.Debug|x86.ActiveCfg = Debug|Any CPU
		{539345AF-DE45-460F-A26B-3322680453A6}.Debug|x86.Build.0 = Debug|Any CPU
		{539345AF-DE45-460F-A26B-3322680453A6}.Release|Any CPU.ActiveCfg = Release|Any CPU
		{539345AF-DE45-460F-A26B-3322680453A6}.Release|Any CPU.Build.0 = Release|Any CPU
		{539345AF-DE45-460F-A26B-3322680453A6}.Release|x64.ActiveCfg = Release|Any CPU
		{539345AF-DE45-460F-A26B-3322680453A6}.Release|x64.Build.0 = Release|Any CPU
		{539345AF-DE45-460F-A26B-3322680453A6}.Release|x86.ActiveCfg = Release|Any CPU
		{539345AF-DE45-460F-A26B-3322680453A6}.Release|x86.Build.0 = Release|Any CPU
		{799C4C59-085D-4489-BA70-5434A335C3B1}.Debug|Any CPU.ActiveCfg = Debug|Any CPU
		{799C4C59-085D-4489-BA70-5434A335C3B1}.Debug|Any CPU.Build.0 = Debug|Any CPU
		{799C4C59-085D-4489-BA70-5434A335C3B1}.Debug|x64.ActiveCfg = Debug|Any CPU
		{799C4C59-085D-4489-BA70-5434A335C3B1}.Debug|x64.Build.0 = Debug|Any CPU
		{799C4C59-085D-4489-BA70-5434A335C3B1}.Debug|x86.ActiveCfg = Debug|Any CPU
		{799C4C59-085D-4489-BA70-5434A335C3B1}.Debug|x86.Build.0 = Debug|Any CPU
		{799C4C59-085D-4489-BA70-5434A335C3B1}.Release|Any CPU.ActiveCfg = Release|Any CPU
		{799C4C59-085D-4489-BA70-5434A335C3B1}.Release|Any CPU.Build.0 = Release|Any CPU
		{799C4C59-085D-4489-BA70-5434A335C3B1}.Release|x64.ActiveCfg = Release|Any CPU
		{799C4C59-085D-4489-BA70-5434A335C3B1}.Release|x64.Build.0 = Release|Any CPU
		{799C4C59-085D-4489-BA70-5434A335C3B1}.Release|x86.ActiveCfg = Release|Any CPU
		{799C4C59-085D-4489-BA70-5434A335C3B1}.Release|x86.Build.0 = Release|Any CPU
		{C78EDE39-17EE-48D2-8FFD-61A08E9E14CF}.Debug|Any CPU.ActiveCfg = Debug|Any CPU
		{C78EDE39-17EE-48D2-8FFD-61A08E9E14CF}.Debug|Any CPU.Build.0 = Debug|Any CPU
		{C78EDE39-17EE-48D2-8FFD-61A08E9E14CF}.Debug|x64.ActiveCfg = Debug|Any CPU
		{C78EDE39-17EE-48D2-8FFD-61A08E9E14CF}.Debug|x64.Build.0 = Debug|Any CPU
		{C78EDE39-17EE-48D2-8FFD-61A08E9E14CF}.Debug|x86.ActiveCfg = Debug|Any CPU
		{C78EDE39-17EE-48D2-8FFD-61A08E9E14CF}.Debug|x86.Build.0 = Debug|Any CPU
		{C78EDE39-17EE-48D2-8FFD-61A08E9E14CF}.Release|Any CPU.ActiveCfg = Release|Any CPU
		{C78EDE39-17EE-48D2-8FFD-61A08E9E14CF}.Release|Any CPU.Build.0 = Release|Any CPU
		{C78EDE39-17EE-48D2-8FFD-61A08E9E14CF}.Release|x64.ActiveCfg = Release|Any CPU
		{C78EDE39-17EE-48D2-8FFD-61A08E9E14CF}.Release|x64.Build.0 = Release|Any CPU
		{C78EDE39-17EE-48D2-8FFD-61A08E9E14CF}.Release|x86.ActiveCfg = Release|Any CPU
		{C78EDE39-17EE-48D2-8FFD-61A08E9E14CF}.Release|x86.Build.0 = Release|Any CPU
		{C1B844E1-FE4E-4195-9001-91BC48D5C8D0}.Debug|Any CPU.ActiveCfg = Debug|Any CPU
		{C1B844E1-FE4E-4195-9001-91BC48D5C8D0}.Debug|Any CPU.Build.0 = Debug|Any CPU
		{C1B844E1-FE4E-4195-9001-91BC48D5C8D0}.Debug|x64.ActiveCfg = Debug|Any CPU
		{C1B844E1-FE4E-4195-9001-91BC48D5C8D0}.Debug|x64.Build.0 = Debug|Any CPU
		{C1B844E1-FE4E-4195-9001-91BC48D5C8D0}.Debug|x86.ActiveCfg = Debug|Any CPU
		{C1B844E1-FE4E-4195-9001-91BC48D5C8D0}.Debug|x86.Build.0 = Debug|Any CPU
		{C1B844E1-FE4E-4195-9001-91BC48D5C8D0}.Release|Any CPU.ActiveCfg = Release|Any CPU
		{C1B844E1-FE4E-4195-9001-91BC48D5C8D0}.Release|Any CPU.Build.0 = Release|Any CPU
		{C1B844E1-FE4E-4195-9001-91BC48D5C8D0}.Release|x64.ActiveCfg = Release|Any CPU
		{C1B844E1-FE4E-4195-9001-91BC48D5C8D0}.Release|x64.Build.0 = Release|Any CPU
		{C1B844E1-FE4E-4195-9001-91BC48D5C8D0}.Release|x86.ActiveCfg = Release|Any CPU
		{C1B844E1-FE4E-4195-9001-91BC48D5C8D0}.Release|x86.Build.0 = Release|Any CPU
		{AC66CABC-5FB7-49B9-B30E-3BDB171EDD26}.Debug|Any CPU.ActiveCfg = Debug|Any CPU
		{AC66CABC-5FB7-49B9-B30E-3BDB171EDD26}.Debug|Any CPU.Build.0 = Debug|Any CPU
		{AC66CABC-5FB7-49B9-B30E-3BDB171EDD26}.Debug|x64.ActiveCfg = Debug|Any CPU
		{AC66CABC-5FB7-49B9-B30E-3BDB171EDD26}.Debug|x64.Build.0 = Debug|Any CPU
		{AC66CABC-5FB7-49B9-B30E-3BDB171EDD26}.Debug|x86.ActiveCfg = Debug|Any CPU
		{AC66CABC-5FB7-49B9-B30E-3BDB171EDD26}.Debug|x86.Build.0 = Debug|Any CPU
		{AC66CABC-5FB7-49B9-B30E-3BDB171EDD26}.Release|Any CPU.ActiveCfg = Release|Any CPU
		{AC66CABC-5FB7-49B9-B30E-3BDB171EDD26}.Release|Any CPU.Build.0 = Release|Any CPU
		{AC66CABC-5FB7-49B9-B30E-3BDB171EDD26}.Release|x64.ActiveCfg = Release|Any CPU
		{AC66CABC-5FB7-49B9-B30E-3BDB171EDD26}.Release|x64.Build.0 = Release|Any CPU
		{AC66CABC-5FB7-49B9-B30E-3BDB171EDD26}.Release|x86.ActiveCfg = Release|Any CPU
		{AC66CABC-5FB7-49B9-B30E-3BDB171EDD26}.Release|x86.Build.0 = Release|Any CPU
		{642AEDBC-97C4-4DC0-B635-2D521CFC986C}.Debug|Any CPU.ActiveCfg = Debug|Any CPU
		{642AEDBC-97C4-4DC0-B635-2D521CFC986C}.Debug|Any CPU.Build.0 = Debug|Any CPU
		{642AEDBC-97C4-4DC0-B635-2D521CFC986C}.Debug|x64.ActiveCfg = Debug|Any CPU
		{642AEDBC-97C4-4DC0-B635-2D521CFC986C}.Debug|x64.Build.0 = Debug|Any CPU
		{642AEDBC-97C4-4DC0-B635-2D521CFC986C}.Debug|x86.ActiveCfg = Debug|Any CPU
		{642AEDBC-97C4-4DC0-B635-2D521CFC986C}.Debug|x86.Build.0 = Debug|Any CPU
		{642AEDBC-97C4-4DC0-B635-2D521CFC986C}.Release|Any CPU.ActiveCfg = Release|Any CPU
		{642AEDBC-97C4-4DC0-B635-2D521CFC986C}.Release|Any CPU.Build.0 = Release|Any CPU
		{642AEDBC-97C4-4DC0-B635-2D521CFC986C}.Release|x64.ActiveCfg = Release|Any CPU
		{642AEDBC-97C4-4DC0-B635-2D521CFC986C}.Release|x64.Build.0 = Release|Any CPU
		{642AEDBC-97C4-4DC0-B635-2D521CFC986C}.Release|x86.ActiveCfg = Release|Any CPU
		{642AEDBC-97C4-4DC0-B635-2D521CFC986C}.Release|x86.Build.0 = Release|Any CPU
		{947EF8AF-09CE-403A-9263-84D52EB2CDA3}.Debug|Any CPU.ActiveCfg = Debug|Any CPU
		{947EF8AF-09CE-403A-9263-84D52EB2CDA3}.Debug|Any CPU.Build.0 = Debug|Any CPU
		{947EF8AF-09CE-403A-9263-84D52EB2CDA3}.Debug|x64.ActiveCfg = Debug|Any CPU
		{947EF8AF-09CE-403A-9263-84D52EB2CDA3}.Debug|x64.Build.0 = Debug|Any CPU
		{947EF8AF-09CE-403A-9263-84D52EB2CDA3}.Debug|x86.ActiveCfg = Debug|Any CPU
		{947EF8AF-09CE-403A-9263-84D52EB2CDA3}.Debug|x86.Build.0 = Debug|Any CPU
		{947EF8AF-09CE-403A-9263-84D52EB2CDA3}.Release|Any CPU.ActiveCfg = Release|Any CPU
		{947EF8AF-09CE-403A-9263-84D52EB2CDA3}.Release|Any CPU.Build.0 = Release|Any CPU
		{947EF8AF-09CE-403A-9263-84D52EB2CDA3}.Release|x64.ActiveCfg = Release|Any CPU
		{947EF8AF-09CE-403A-9263-84D52EB2CDA3}.Release|x64.Build.0 = Release|Any CPU
		{947EF8AF-09CE-403A-9263-84D52EB2CDA3}.Release|x86.ActiveCfg = Release|Any CPU
		{947EF8AF-09CE-403A-9263-84D52EB2CDA3}.Release|x86.Build.0 = Release|Any CPU
		{88739322-A8B7-4F21-91DE-0A82510CEB45}.Debug|Any CPU.ActiveCfg = Debug|Any CPU
		{88739322-A8B7-4F21-91DE-0A82510CEB45}.Debug|Any CPU.Build.0 = Debug|Any CPU
		{88739322-A8B7-4F21-91DE-0A82510CEB45}.Debug|x64.ActiveCfg = Debug|Any CPU
		{88739322-A8B7-4F21-91DE-0A82510CEB45}.Debug|x64.Build.0 = Debug|Any CPU
		{88739322-A8B7-4F21-91DE-0A82510CEB45}.Debug|x86.ActiveCfg = Debug|Any CPU
		{88739322-A8B7-4F21-91DE-0A82510CEB45}.Debug|x86.Build.0 = Debug|Any CPU
		{88739322-A8B7-4F21-91DE-0A82510CEB45}.Release|Any CPU.ActiveCfg = Release|Any CPU
		{88739322-A8B7-4F21-91DE-0A82510CEB45}.Release|Any CPU.Build.0 = Release|Any CPU
		{88739322-A8B7-4F21-91DE-0A82510CEB45}.Release|x64.ActiveCfg = Release|Any CPU
		{88739322-A8B7-4F21-91DE-0A82510CEB45}.Release|x64.Build.0 = Release|Any CPU
		{88739322-A8B7-4F21-91DE-0A82510CEB45}.Release|x86.ActiveCfg = Release|Any CPU
		{88739322-A8B7-4F21-91DE-0A82510CEB45}.Release|x86.Build.0 = Release|Any CPU
		{B8EC8F3E-6A26-4359-8F57-1DC3B98E3E93}.Debug|Any CPU.ActiveCfg = Debug|Any CPU
		{B8EC8F3E-6A26-4359-8F57-1DC3B98E3E93}.Debug|Any CPU.Build.0 = Debug|Any CPU
		{B8EC8F3E-6A26-4359-8F57-1DC3B98E3E93}.Debug|x64.ActiveCfg = Debug|Any CPU
		{B8EC8F3E-6A26-4359-8F57-1DC3B98E3E93}.Debug|x64.Build.0 = Debug|Any CPU
		{B8EC8F3E-6A26-4359-8F57-1DC3B98E3E93}.Debug|x86.ActiveCfg = Debug|Any CPU
		{B8EC8F3E-6A26-4359-8F57-1DC3B98E3E93}.Debug|x86.Build.0 = Debug|Any CPU
		{B8EC8F3E-6A26-4359-8F57-1DC3B98E3E93}.Release|Any CPU.ActiveCfg = Release|Any CPU
		{B8EC8F3E-6A26-4359-8F57-1DC3B98E3E93}.Release|Any CPU.Build.0 = Release|Any CPU
		{B8EC8F3E-6A26-4359-8F57-1DC3B98E3E93}.Release|x64.ActiveCfg = Release|Any CPU
		{B8EC8F3E-6A26-4359-8F57-1DC3B98E3E93}.Release|x64.Build.0 = Release|Any CPU
		{B8EC8F3E-6A26-4359-8F57-1DC3B98E3E93}.Release|x86.ActiveCfg = Release|Any CPU
		{B8EC8F3E-6A26-4359-8F57-1DC3B98E3E93}.Release|x86.Build.0 = Release|Any CPU
		{2AECD9CB-7616-4B0A-B86F-6B16CCBB80F5}.Debug|Any CPU.ActiveCfg = Debug|Any CPU
		{2AECD9CB-7616-4B0A-B86F-6B16CCBB80F5}.Debug|Any CPU.Build.0 = Debug|Any CPU
		{2AECD9CB-7616-4B0A-B86F-6B16CCBB80F5}.Debug|x64.ActiveCfg = Debug|Any CPU
		{2AECD9CB-7616-4B0A-B86F-6B16CCBB80F5}.Debug|x64.Build.0 = Debug|Any CPU
		{2AECD9CB-7616-4B0A-B86F-6B16CCBB80F5}.Debug|x86.ActiveCfg = Debug|Any CPU
		{2AECD9CB-7616-4B0A-B86F-6B16CCBB80F5}.Debug|x86.Build.0 = Debug|Any CPU
		{2AECD9CB-7616-4B0A-B86F-6B16CCBB80F5}.Release|Any CPU.ActiveCfg = Release|Any CPU
		{2AECD9CB-7616-4B0A-B86F-6B16CCBB80F5}.Release|Any CPU.Build.0 = Release|Any CPU
		{2AECD9CB-7616-4B0A-B86F-6B16CCBB80F5}.Release|x64.ActiveCfg = Release|Any CPU
		{2AECD9CB-7616-4B0A-B86F-6B16CCBB80F5}.Release|x64.Build.0 = Release|Any CPU
		{2AECD9CB-7616-4B0A-B86F-6B16CCBB80F5}.Release|x86.ActiveCfg = Release|Any CPU
		{2AECD9CB-7616-4B0A-B86F-6B16CCBB80F5}.Release|x86.Build.0 = Release|Any CPU
		{5D9ED92D-D238-4CA8-A3F2-B9F98DF87284}.Debug|Any CPU.ActiveCfg = Debug|Any CPU
		{5D9ED92D-D238-4CA8-A3F2-B9F98DF87284}.Debug|Any CPU.Build.0 = Debug|Any CPU
		{5D9ED92D-D238-4CA8-A3F2-B9F98DF87284}.Debug|x64.ActiveCfg = Debug|Any CPU
		{5D9ED92D-D238-4CA8-A3F2-B9F98DF87284}.Debug|x64.Build.0 = Debug|Any CPU
		{5D9ED92D-D238-4CA8-A3F2-B9F98DF87284}.Debug|x86.ActiveCfg = Debug|Any CPU
		{5D9ED92D-D238-4CA8-A3F2-B9F98DF87284}.Debug|x86.Build.0 = Debug|Any CPU
		{5D9ED92D-D238-4CA8-A3F2-B9F98DF87284}.Release|Any CPU.ActiveCfg = Release|Any CPU
		{5D9ED92D-D238-4CA8-A3F2-B9F98DF87284}.Release|Any CPU.Build.0 = Release|Any CPU
		{5D9ED92D-D238-4CA8-A3F2-B9F98DF87284}.Release|x64.ActiveCfg = Release|Any CPU
		{5D9ED92D-D238-4CA8-A3F2-B9F98DF87284}.Release|x64.Build.0 = Release|Any CPU
		{5D9ED92D-D238-4CA8-A3F2-B9F98DF87284}.Release|x86.ActiveCfg = Release|Any CPU
		{5D9ED92D-D238-4CA8-A3F2-B9F98DF87284}.Release|x86.Build.0 = Release|Any CPU
		{536D1B40-340F-4AAE-9FEB-156180347DDB}.Debug|Any CPU.ActiveCfg = Debug|Any CPU
		{536D1B40-340F-4AAE-9FEB-156180347DDB}.Debug|Any CPU.Build.0 = Debug|Any CPU
		{536D1B40-340F-4AAE-9FEB-156180347DDB}.Debug|x64.ActiveCfg = Debug|Any CPU
		{536D1B40-340F-4AAE-9FEB-156180347DDB}.Debug|x64.Build.0 = Debug|Any CPU
		{536D1B40-340F-4AAE-9FEB-156180347DDB}.Debug|x86.ActiveCfg = Debug|Any CPU
		{536D1B40-340F-4AAE-9FEB-156180347DDB}.Debug|x86.Build.0 = Debug|Any CPU
		{536D1B40-340F-4AAE-9FEB-156180347DDB}.Release|Any CPU.ActiveCfg = Release|Any CPU
		{536D1B40-340F-4AAE-9FEB-156180347DDB}.Release|Any CPU.Build.0 = Release|Any CPU
		{536D1B40-340F-4AAE-9FEB-156180347DDB}.Release|x64.ActiveCfg = Release|Any CPU
		{536D1B40-340F-4AAE-9FEB-156180347DDB}.Release|x64.Build.0 = Release|Any CPU
		{536D1B40-340F-4AAE-9FEB-156180347DDB}.Release|x86.ActiveCfg = Release|Any CPU
		{536D1B40-340F-4AAE-9FEB-156180347DDB}.Release|x86.Build.0 = Release|Any CPU
		{5C16EA5E-042A-4581-9400-151577A309A1}.Debug|Any CPU.ActiveCfg = Debug|Any CPU
		{5C16EA5E-042A-4581-9400-151577A309A1}.Debug|Any CPU.Build.0 = Debug|Any CPU
		{5C16EA5E-042A-4581-9400-151577A309A1}.Debug|x64.ActiveCfg = Debug|Any CPU
		{5C16EA5E-042A-4581-9400-151577A309A1}.Debug|x64.Build.0 = Debug|Any CPU
		{5C16EA5E-042A-4581-9400-151577A309A1}.Debug|x86.ActiveCfg = Debug|Any CPU
		{5C16EA5E-042A-4581-9400-151577A309A1}.Debug|x86.Build.0 = Debug|Any CPU
		{5C16EA5E-042A-4581-9400-151577A309A1}.Release|Any CPU.ActiveCfg = Release|Any CPU
		{5C16EA5E-042A-4581-9400-151577A309A1}.Release|Any CPU.Build.0 = Release|Any CPU
		{5C16EA5E-042A-4581-9400-151577A309A1}.Release|x64.ActiveCfg = Release|Any CPU
		{5C16EA5E-042A-4581-9400-151577A309A1}.Release|x64.Build.0 = Release|Any CPU
		{5C16EA5E-042A-4581-9400-151577A309A1}.Release|x86.ActiveCfg = Release|Any CPU
		{5C16EA5E-042A-4581-9400-151577A309A1}.Release|x86.Build.0 = Release|Any CPU
		{4A8485A4-B69F-4B71-AA1C-06A84251C029}.Debug|Any CPU.ActiveCfg = Debug|Any CPU
		{4A8485A4-B69F-4B71-AA1C-06A84251C029}.Debug|Any CPU.Build.0 = Debug|Any CPU
		{4A8485A4-B69F-4B71-AA1C-06A84251C029}.Debug|x64.ActiveCfg = Debug|Any CPU
		{4A8485A4-B69F-4B71-AA1C-06A84251C029}.Debug|x64.Build.0 = Debug|Any CPU
		{4A8485A4-B69F-4B71-AA1C-06A84251C029}.Debug|x86.ActiveCfg = Debug|Any CPU
		{4A8485A4-B69F-4B71-AA1C-06A84251C029}.Debug|x86.Build.0 = Debug|Any CPU
		{4A8485A4-B69F-4B71-AA1C-06A84251C029}.Release|Any CPU.ActiveCfg = Release|Any CPU
		{4A8485A4-B69F-4B71-AA1C-06A84251C029}.Release|Any CPU.Build.0 = Release|Any CPU
		{4A8485A4-B69F-4B71-AA1C-06A84251C029}.Release|x64.ActiveCfg = Release|Any CPU
		{4A8485A4-B69F-4B71-AA1C-06A84251C029}.Release|x64.Build.0 = Release|Any CPU
		{4A8485A4-B69F-4B71-AA1C-06A84251C029}.Release|x86.ActiveCfg = Release|Any CPU
		{4A8485A4-B69F-4B71-AA1C-06A84251C029}.Release|x86.Build.0 = Release|Any CPU
		{5D09A9D4-F3C5-45C5-9C5D-DDEBC316581A}.Debug|Any CPU.ActiveCfg = Debug|Any CPU
		{5D09A9D4-F3C5-45C5-9C5D-DDEBC316581A}.Debug|Any CPU.Build.0 = Debug|Any CPU
		{5D09A9D4-F3C5-45C5-9C5D-DDEBC316581A}.Debug|x64.ActiveCfg = Debug|Any CPU
		{5D09A9D4-F3C5-45C5-9C5D-DDEBC316581A}.Debug|x64.Build.0 = Debug|Any CPU
		{5D09A9D4-F3C5-45C5-9C5D-DDEBC316581A}.Debug|x86.ActiveCfg = Debug|Any CPU
		{5D09A9D4-F3C5-45C5-9C5D-DDEBC316581A}.Debug|x86.Build.0 = Debug|Any CPU
		{5D09A9D4-F3C5-45C5-9C5D-DDEBC316581A}.Release|Any CPU.ActiveCfg = Release|Any CPU
		{5D09A9D4-F3C5-45C5-9C5D-DDEBC316581A}.Release|Any CPU.Build.0 = Release|Any CPU
		{5D09A9D4-F3C5-45C5-9C5D-DDEBC316581A}.Release|x64.ActiveCfg = Release|Any CPU
		{5D09A9D4-F3C5-45C5-9C5D-DDEBC316581A}.Release|x64.Build.0 = Release|Any CPU
		{5D09A9D4-F3C5-45C5-9C5D-DDEBC316581A}.Release|x86.ActiveCfg = Release|Any CPU
		{5D09A9D4-F3C5-45C5-9C5D-DDEBC316581A}.Release|x86.Build.0 = Release|Any CPU
		{E2EC2718-00B3-4333-8A19-8C8F4BD1926E}.Debug|Any CPU.ActiveCfg = Debug|Any CPU
		{E2EC2718-00B3-4333-8A19-8C8F4BD1926E}.Debug|Any CPU.Build.0 = Debug|Any CPU
		{E2EC2718-00B3-4333-8A19-8C8F4BD1926E}.Debug|x64.ActiveCfg = Debug|Any CPU
		{E2EC2718-00B3-4333-8A19-8C8F4BD1926E}.Debug|x64.Build.0 = Debug|Any CPU
		{E2EC2718-00B3-4333-8A19-8C8F4BD1926E}.Debug|x86.ActiveCfg = Debug|Any CPU
		{E2EC2718-00B3-4333-8A19-8C8F4BD1926E}.Debug|x86.Build.0 = Debug|Any CPU
		{E2EC2718-00B3-4333-8A19-8C8F4BD1926E}.Release|Any CPU.ActiveCfg = Release|Any CPU
		{E2EC2718-00B3-4333-8A19-8C8F4BD1926E}.Release|Any CPU.Build.0 = Release|Any CPU
		{E2EC2718-00B3-4333-8A19-8C8F4BD1926E}.Release|x64.ActiveCfg = Release|Any CPU
		{E2EC2718-00B3-4333-8A19-8C8F4BD1926E}.Release|x64.Build.0 = Release|Any CPU
		{E2EC2718-00B3-4333-8A19-8C8F4BD1926E}.Release|x86.ActiveCfg = Release|Any CPU
		{E2EC2718-00B3-4333-8A19-8C8F4BD1926E}.Release|x86.Build.0 = Release|Any CPU
		{86D9B896-D34F-4B9A-BFC5-336C271479BF}.Debug|Any CPU.ActiveCfg = Debug|Any CPU
		{86D9B896-D34F-4B9A-BFC5-336C271479BF}.Debug|Any CPU.Build.0 = Debug|Any CPU
		{86D9B896-D34F-4B9A-BFC5-336C271479BF}.Debug|x64.ActiveCfg = Debug|Any CPU
		{86D9B896-D34F-4B9A-BFC5-336C271479BF}.Debug|x64.Build.0 = Debug|Any CPU
		{86D9B896-D34F-4B9A-BFC5-336C271479BF}.Debug|x86.ActiveCfg = Debug|Any CPU
		{86D9B896-D34F-4B9A-BFC5-336C271479BF}.Debug|x86.Build.0 = Debug|Any CPU
		{86D9B896-D34F-4B9A-BFC5-336C271479BF}.Release|Any CPU.ActiveCfg = Release|Any CPU
		{86D9B896-D34F-4B9A-BFC5-336C271479BF}.Release|Any CPU.Build.0 = Release|Any CPU
		{86D9B896-D34F-4B9A-BFC5-336C271479BF}.Release|x64.ActiveCfg = Release|Any CPU
		{86D9B896-D34F-4B9A-BFC5-336C271479BF}.Release|x64.Build.0 = Release|Any CPU
		{86D9B896-D34F-4B9A-BFC5-336C271479BF}.Release|x86.ActiveCfg = Release|Any CPU
		{86D9B896-D34F-4B9A-BFC5-336C271479BF}.Release|x86.Build.0 = Release|Any CPU
		{19A80589-2E8E-49CB-8558-B3A3EB4052BD}.Debug|Any CPU.ActiveCfg = Debug|Any CPU
		{19A80589-2E8E-49CB-8558-B3A3EB4052BD}.Debug|Any CPU.Build.0 = Debug|Any CPU
		{19A80589-2E8E-49CB-8558-B3A3EB4052BD}.Debug|x64.ActiveCfg = Debug|Any CPU
		{19A80589-2E8E-49CB-8558-B3A3EB4052BD}.Debug|x64.Build.0 = Debug|Any CPU
		{19A80589-2E8E-49CB-8558-B3A3EB4052BD}.Debug|x86.ActiveCfg = Debug|Any CPU
		{19A80589-2E8E-49CB-8558-B3A3EB4052BD}.Debug|x86.Build.0 = Debug|Any CPU
		{19A80589-2E8E-49CB-8558-B3A3EB4052BD}.Release|Any CPU.ActiveCfg = Release|Any CPU
		{19A80589-2E8E-49CB-8558-B3A3EB4052BD}.Release|Any CPU.Build.0 = Release|Any CPU
		{19A80589-2E8E-49CB-8558-B3A3EB4052BD}.Release|x64.ActiveCfg = Release|Any CPU
		{19A80589-2E8E-49CB-8558-B3A3EB4052BD}.Release|x64.Build.0 = Release|Any CPU
		{19A80589-2E8E-49CB-8558-B3A3EB4052BD}.Release|x86.ActiveCfg = Release|Any CPU
		{19A80589-2E8E-49CB-8558-B3A3EB4052BD}.Release|x86.Build.0 = Release|Any CPU
		{6D85B70C-2B2B-4F2D-9C78-F309E9C6C7D5}.Debug|Any CPU.ActiveCfg = Debug|Any CPU
		{6D85B70C-2B2B-4F2D-9C78-F309E9C6C7D5}.Debug|Any CPU.Build.0 = Debug|Any CPU
		{6D85B70C-2B2B-4F2D-9C78-F309E9C6C7D5}.Debug|x64.ActiveCfg = Debug|Any CPU
		{6D85B70C-2B2B-4F2D-9C78-F309E9C6C7D5}.Debug|x64.Build.0 = Debug|Any CPU
		{6D85B70C-2B2B-4F2D-9C78-F309E9C6C7D5}.Debug|x86.ActiveCfg = Debug|Any CPU
		{6D85B70C-2B2B-4F2D-9C78-F309E9C6C7D5}.Debug|x86.Build.0 = Debug|Any CPU
		{6D85B70C-2B2B-4F2D-9C78-F309E9C6C7D5}.Release|Any CPU.ActiveCfg = Release|Any CPU
		{6D85B70C-2B2B-4F2D-9C78-F309E9C6C7D5}.Release|Any CPU.Build.0 = Release|Any CPU
		{6D85B70C-2B2B-4F2D-9C78-F309E9C6C7D5}.Release|x64.ActiveCfg = Release|Any CPU
		{6D85B70C-2B2B-4F2D-9C78-F309E9C6C7D5}.Release|x64.Build.0 = Release|Any CPU
		{6D85B70C-2B2B-4F2D-9C78-F309E9C6C7D5}.Release|x86.ActiveCfg = Release|Any CPU
		{6D85B70C-2B2B-4F2D-9C78-F309E9C6C7D5}.Release|x86.Build.0 = Release|Any CPU
		{45C06773-07A9-4378-A333-D86490BC771B}.Debug|Any CPU.ActiveCfg = Debug|Any CPU
		{45C06773-07A9-4378-A333-D86490BC771B}.Debug|Any CPU.Build.0 = Debug|Any CPU
		{45C06773-07A9-4378-A333-D86490BC771B}.Debug|x64.ActiveCfg = Debug|Any CPU
		{45C06773-07A9-4378-A333-D86490BC771B}.Debug|x64.Build.0 = Debug|Any CPU
		{45C06773-07A9-4378-A333-D86490BC771B}.Debug|x86.ActiveCfg = Debug|Any CPU
		{45C06773-07A9-4378-A333-D86490BC771B}.Debug|x86.Build.0 = Debug|Any CPU
		{45C06773-07A9-4378-A333-D86490BC771B}.Release|Any CPU.ActiveCfg = Release|Any CPU
		{45C06773-07A9-4378-A333-D86490BC771B}.Release|Any CPU.Build.0 = Release|Any CPU
		{45C06773-07A9-4378-A333-D86490BC771B}.Release|x64.ActiveCfg = Release|Any CPU
		{45C06773-07A9-4378-A333-D86490BC771B}.Release|x64.Build.0 = Release|Any CPU
		{45C06773-07A9-4378-A333-D86490BC771B}.Release|x86.ActiveCfg = Release|Any CPU
		{45C06773-07A9-4378-A333-D86490BC771B}.Release|x86.Build.0 = Release|Any CPU
		{86F305E0-19AE-4C36-8A8A-E7096BE4E740}.Debug|Any CPU.ActiveCfg = Debug|Any CPU
		{86F305E0-19AE-4C36-8A8A-E7096BE4E740}.Debug|Any CPU.Build.0 = Debug|Any CPU
		{86F305E0-19AE-4C36-8A8A-E7096BE4E740}.Debug|x64.ActiveCfg = Debug|Any CPU
		{86F305E0-19AE-4C36-8A8A-E7096BE4E740}.Debug|x64.Build.0 = Debug|Any CPU
		{86F305E0-19AE-4C36-8A8A-E7096BE4E740}.Debug|x86.ActiveCfg = Debug|Any CPU
		{86F305E0-19AE-4C36-8A8A-E7096BE4E740}.Debug|x86.Build.0 = Debug|Any CPU
		{86F305E0-19AE-4C36-8A8A-E7096BE4E740}.Release|Any CPU.ActiveCfg = Release|Any CPU
		{86F305E0-19AE-4C36-8A8A-E7096BE4E740}.Release|Any CPU.Build.0 = Release|Any CPU
		{86F305E0-19AE-4C36-8A8A-E7096BE4E740}.Release|x64.ActiveCfg = Release|Any CPU
		{86F305E0-19AE-4C36-8A8A-E7096BE4E740}.Release|x64.Build.0 = Release|Any CPU
		{86F305E0-19AE-4C36-8A8A-E7096BE4E740}.Release|x86.ActiveCfg = Release|Any CPU
		{86F305E0-19AE-4C36-8A8A-E7096BE4E740}.Release|x86.Build.0 = Release|Any CPU
		{CEF83676-CE02-41E8-8B81-1EF20FE63E9B}.Debug|Any CPU.ActiveCfg = Debug|Any CPU
		{CEF83676-CE02-41E8-8B81-1EF20FE63E9B}.Debug|Any CPU.Build.0 = Debug|Any CPU
		{CEF83676-CE02-41E8-8B81-1EF20FE63E9B}.Debug|x64.ActiveCfg = Debug|Any CPU
		{CEF83676-CE02-41E8-8B81-1EF20FE63E9B}.Debug|x64.Build.0 = Debug|Any CPU
		{CEF83676-CE02-41E8-8B81-1EF20FE63E9B}.Debug|x86.ActiveCfg = Debug|Any CPU
		{CEF83676-CE02-41E8-8B81-1EF20FE63E9B}.Debug|x86.Build.0 = Debug|Any CPU
		{CEF83676-CE02-41E8-8B81-1EF20FE63E9B}.Release|Any CPU.ActiveCfg = Release|Any CPU
		{CEF83676-CE02-41E8-8B81-1EF20FE63E9B}.Release|Any CPU.Build.0 = Release|Any CPU
		{CEF83676-CE02-41E8-8B81-1EF20FE63E9B}.Release|x64.ActiveCfg = Release|Any CPU
		{CEF83676-CE02-41E8-8B81-1EF20FE63E9B}.Release|x64.Build.0 = Release|Any CPU
		{CEF83676-CE02-41E8-8B81-1EF20FE63E9B}.Release|x86.ActiveCfg = Release|Any CPU
		{CEF83676-CE02-41E8-8B81-1EF20FE63E9B}.Release|x86.Build.0 = Release|Any CPU
		{79D30A8E-ACFD-41E9-B494-3F43D9818BB4}.Debug|Any CPU.ActiveCfg = Debug|Any CPU
		{79D30A8E-ACFD-41E9-B494-3F43D9818BB4}.Debug|Any CPU.Build.0 = Debug|Any CPU
		{79D30A8E-ACFD-41E9-B494-3F43D9818BB4}.Debug|x64.ActiveCfg = Debug|Any CPU
		{79D30A8E-ACFD-41E9-B494-3F43D9818BB4}.Debug|x64.Build.0 = Debug|Any CPU
		{79D30A8E-ACFD-41E9-B494-3F43D9818BB4}.Debug|x86.ActiveCfg = Debug|Any CPU
		{79D30A8E-ACFD-41E9-B494-3F43D9818BB4}.Debug|x86.Build.0 = Debug|Any CPU
		{79D30A8E-ACFD-41E9-B494-3F43D9818BB4}.Release|Any CPU.ActiveCfg = Release|Any CPU
		{79D30A8E-ACFD-41E9-B494-3F43D9818BB4}.Release|Any CPU.Build.0 = Release|Any CPU
		{79D30A8E-ACFD-41E9-B494-3F43D9818BB4}.Release|x64.ActiveCfg = Release|Any CPU
		{79D30A8E-ACFD-41E9-B494-3F43D9818BB4}.Release|x64.Build.0 = Release|Any CPU
		{79D30A8E-ACFD-41E9-B494-3F43D9818BB4}.Release|x86.ActiveCfg = Release|Any CPU
		{79D30A8E-ACFD-41E9-B494-3F43D9818BB4}.Release|x86.Build.0 = Release|Any CPU
		{F95B0FB4-2EF5-41B1-8B0F-9E711823A89E}.Debug|Any CPU.ActiveCfg = Debug|Any CPU
		{F95B0FB4-2EF5-41B1-8B0F-9E711823A89E}.Debug|Any CPU.Build.0 = Debug|Any CPU
		{F95B0FB4-2EF5-41B1-8B0F-9E711823A89E}.Debug|x64.ActiveCfg = Debug|Any CPU
		{F95B0FB4-2EF5-41B1-8B0F-9E711823A89E}.Debug|x64.Build.0 = Debug|Any CPU
		{F95B0FB4-2EF5-41B1-8B0F-9E711823A89E}.Debug|x86.ActiveCfg = Debug|Any CPU
		{F95B0FB4-2EF5-41B1-8B0F-9E711823A89E}.Debug|x86.Build.0 = Debug|Any CPU
		{F95B0FB4-2EF5-41B1-8B0F-9E711823A89E}.Release|Any CPU.ActiveCfg = Release|Any CPU
		{F95B0FB4-2EF5-41B1-8B0F-9E711823A89E}.Release|Any CPU.Build.0 = Release|Any CPU
		{F95B0FB4-2EF5-41B1-8B0F-9E711823A89E}.Release|x64.ActiveCfg = Release|Any CPU
		{F95B0FB4-2EF5-41B1-8B0F-9E711823A89E}.Release|x64.Build.0 = Release|Any CPU
		{F95B0FB4-2EF5-41B1-8B0F-9E711823A89E}.Release|x86.ActiveCfg = Release|Any CPU
		{F95B0FB4-2EF5-41B1-8B0F-9E711823A89E}.Release|x86.Build.0 = Release|Any CPU
		{0EC56521-F2D7-4507-ADBB-1E66537D2EBA}.Debug|Any CPU.ActiveCfg = Debug|Any CPU
		{0EC56521-F2D7-4507-ADBB-1E66537D2EBA}.Debug|Any CPU.Build.0 = Debug|Any CPU
		{0EC56521-F2D7-4507-ADBB-1E66537D2EBA}.Debug|x64.ActiveCfg = Debug|Any CPU
		{0EC56521-F2D7-4507-ADBB-1E66537D2EBA}.Debug|x64.Build.0 = Debug|Any CPU
		{0EC56521-F2D7-4507-ADBB-1E66537D2EBA}.Debug|x86.ActiveCfg = Debug|Any CPU
		{0EC56521-F2D7-4507-ADBB-1E66537D2EBA}.Debug|x86.Build.0 = Debug|Any CPU
		{0EC56521-F2D7-4507-ADBB-1E66537D2EBA}.Release|Any CPU.ActiveCfg = Release|Any CPU
		{0EC56521-F2D7-4507-ADBB-1E66537D2EBA}.Release|Any CPU.Build.0 = Release|Any CPU
		{0EC56521-F2D7-4507-ADBB-1E66537D2EBA}.Release|x64.ActiveCfg = Release|Any CPU
		{0EC56521-F2D7-4507-ADBB-1E66537D2EBA}.Release|x64.Build.0 = Release|Any CPU
		{0EC56521-F2D7-4507-ADBB-1E66537D2EBA}.Release|x86.ActiveCfg = Release|Any CPU
		{0EC56521-F2D7-4507-ADBB-1E66537D2EBA}.Release|x86.Build.0 = Release|Any CPU
		{4C50E8CE-51E6-416C-9E87-7B0DC5DE7370}.Debug|Any CPU.ActiveCfg = Debug|Any CPU
		{4C50E8CE-51E6-416C-9E87-7B0DC5DE7370}.Debug|Any CPU.Build.0 = Debug|Any CPU
		{4C50E8CE-51E6-416C-9E87-7B0DC5DE7370}.Debug|x64.ActiveCfg = Debug|Any CPU
		{4C50E8CE-51E6-416C-9E87-7B0DC5DE7370}.Debug|x64.Build.0 = Debug|Any CPU
		{4C50E8CE-51E6-416C-9E87-7B0DC5DE7370}.Debug|x86.ActiveCfg = Debug|Any CPU
		{4C50E8CE-51E6-416C-9E87-7B0DC5DE7370}.Debug|x86.Build.0 = Debug|Any CPU
		{4C50E8CE-51E6-416C-9E87-7B0DC5DE7370}.Release|Any CPU.ActiveCfg = Release|Any CPU
		{4C50E8CE-51E6-416C-9E87-7B0DC5DE7370}.Release|Any CPU.Build.0 = Release|Any CPU
		{4C50E8CE-51E6-416C-9E87-7B0DC5DE7370}.Release|x64.ActiveCfg = Release|Any CPU
		{4C50E8CE-51E6-416C-9E87-7B0DC5DE7370}.Release|x64.Build.0 = Release|Any CPU
		{4C50E8CE-51E6-416C-9E87-7B0DC5DE7370}.Release|x86.ActiveCfg = Release|Any CPU
		{4C50E8CE-51E6-416C-9E87-7B0DC5DE7370}.Release|x86.Build.0 = Release|Any CPU
		{7AFC51C8-29EA-4674-9FCA-D4F46607D48E}.Debug|Any CPU.ActiveCfg = Debug|Any CPU
		{7AFC51C8-29EA-4674-9FCA-D4F46607D48E}.Debug|Any CPU.Build.0 = Debug|Any CPU
		{7AFC51C8-29EA-4674-9FCA-D4F46607D48E}.Debug|x64.ActiveCfg = Debug|Any CPU
		{7AFC51C8-29EA-4674-9FCA-D4F46607D48E}.Debug|x64.Build.0 = Debug|Any CPU
		{7AFC51C8-29EA-4674-9FCA-D4F46607D48E}.Debug|x86.ActiveCfg = Debug|Any CPU
		{7AFC51C8-29EA-4674-9FCA-D4F46607D48E}.Debug|x86.Build.0 = Debug|Any CPU
		{7AFC51C8-29EA-4674-9FCA-D4F46607D48E}.Release|Any CPU.ActiveCfg = Release|Any CPU
		{7AFC51C8-29EA-4674-9FCA-D4F46607D48E}.Release|Any CPU.Build.0 = Release|Any CPU
		{7AFC51C8-29EA-4674-9FCA-D4F46607D48E}.Release|x64.ActiveCfg = Release|Any CPU
		{7AFC51C8-29EA-4674-9FCA-D4F46607D48E}.Release|x64.Build.0 = Release|Any CPU
		{7AFC51C8-29EA-4674-9FCA-D4F46607D48E}.Release|x86.ActiveCfg = Release|Any CPU
		{7AFC51C8-29EA-4674-9FCA-D4F46607D48E}.Release|x86.Build.0 = Release|Any CPU
		{D61DFFF7-AB53-4449-A1C9-929005ED3975}.Debug|Any CPU.ActiveCfg = Debug|Any CPU
		{D61DFFF7-AB53-4449-A1C9-929005ED3975}.Debug|Any CPU.Build.0 = Debug|Any CPU
		{D61DFFF7-AB53-4449-A1C9-929005ED3975}.Debug|x64.ActiveCfg = Debug|Any CPU
		{D61DFFF7-AB53-4449-A1C9-929005ED3975}.Debug|x64.Build.0 = Debug|Any CPU
		{D61DFFF7-AB53-4449-A1C9-929005ED3975}.Debug|x86.ActiveCfg = Debug|Any CPU
		{D61DFFF7-AB53-4449-A1C9-929005ED3975}.Debug|x86.Build.0 = Debug|Any CPU
		{D61DFFF7-AB53-4449-A1C9-929005ED3975}.Release|Any CPU.ActiveCfg = Release|Any CPU
		{D61DFFF7-AB53-4449-A1C9-929005ED3975}.Release|Any CPU.Build.0 = Release|Any CPU
		{D61DFFF7-AB53-4449-A1C9-929005ED3975}.Release|x64.ActiveCfg = Release|Any CPU
		{D61DFFF7-AB53-4449-A1C9-929005ED3975}.Release|x64.Build.0 = Release|Any CPU
		{D61DFFF7-AB53-4449-A1C9-929005ED3975}.Release|x86.ActiveCfg = Release|Any CPU
		{D61DFFF7-AB53-4449-A1C9-929005ED3975}.Release|x86.Build.0 = Release|Any CPU
		{B1ADA0CC-785E-4DFA-A21E-1E8C0D9AA1E4}.Debug|Any CPU.ActiveCfg = Debug|Any CPU
		{B1ADA0CC-785E-4DFA-A21E-1E8C0D9AA1E4}.Debug|Any CPU.Build.0 = Debug|Any CPU
		{B1ADA0CC-785E-4DFA-A21E-1E8C0D9AA1E4}.Debug|x64.ActiveCfg = Debug|Any CPU
		{B1ADA0CC-785E-4DFA-A21E-1E8C0D9AA1E4}.Debug|x64.Build.0 = Debug|Any CPU
		{B1ADA0CC-785E-4DFA-A21E-1E8C0D9AA1E4}.Debug|x86.ActiveCfg = Debug|Any CPU
		{B1ADA0CC-785E-4DFA-A21E-1E8C0D9AA1E4}.Debug|x86.Build.0 = Debug|Any CPU
		{B1ADA0CC-785E-4DFA-A21E-1E8C0D9AA1E4}.Release|Any CPU.ActiveCfg = Release|Any CPU
		{B1ADA0CC-785E-4DFA-A21E-1E8C0D9AA1E4}.Release|Any CPU.Build.0 = Release|Any CPU
		{B1ADA0CC-785E-4DFA-A21E-1E8C0D9AA1E4}.Release|x64.ActiveCfg = Release|Any CPU
		{B1ADA0CC-785E-4DFA-A21E-1E8C0D9AA1E4}.Release|x64.Build.0 = Release|Any CPU
		{B1ADA0CC-785E-4DFA-A21E-1E8C0D9AA1E4}.Release|x86.ActiveCfg = Release|Any CPU
		{B1ADA0CC-785E-4DFA-A21E-1E8C0D9AA1E4}.Release|x86.Build.0 = Release|Any CPU
		{28429BA0-9ABA-4A9D-8F12-0974A9CC0CC4}.Debug|Any CPU.ActiveCfg = Debug|Any CPU
		{28429BA0-9ABA-4A9D-8F12-0974A9CC0CC4}.Debug|Any CPU.Build.0 = Debug|Any CPU
		{28429BA0-9ABA-4A9D-8F12-0974A9CC0CC4}.Debug|x64.ActiveCfg = Debug|Any CPU
		{28429BA0-9ABA-4A9D-8F12-0974A9CC0CC4}.Debug|x64.Build.0 = Debug|Any CPU
		{28429BA0-9ABA-4A9D-8F12-0974A9CC0CC4}.Debug|x86.ActiveCfg = Debug|Any CPU
		{28429BA0-9ABA-4A9D-8F12-0974A9CC0CC4}.Debug|x86.Build.0 = Debug|Any CPU
		{28429BA0-9ABA-4A9D-8F12-0974A9CC0CC4}.Release|Any CPU.ActiveCfg = Release|Any CPU
		{28429BA0-9ABA-4A9D-8F12-0974A9CC0CC4}.Release|Any CPU.Build.0 = Release|Any CPU
		{28429BA0-9ABA-4A9D-8F12-0974A9CC0CC4}.Release|x64.ActiveCfg = Release|Any CPU
		{28429BA0-9ABA-4A9D-8F12-0974A9CC0CC4}.Release|x64.Build.0 = Release|Any CPU
		{28429BA0-9ABA-4A9D-8F12-0974A9CC0CC4}.Release|x86.ActiveCfg = Release|Any CPU
		{28429BA0-9ABA-4A9D-8F12-0974A9CC0CC4}.Release|x86.Build.0 = Release|Any CPU
		{9E7F4EBE-D77E-475E-928E-C96CAFB43698}.Debug|Any CPU.ActiveCfg = Debug|Any CPU
		{9E7F4EBE-D77E-475E-928E-C96CAFB43698}.Debug|Any CPU.Build.0 = Debug|Any CPU
		{9E7F4EBE-D77E-475E-928E-C96CAFB43698}.Debug|x64.ActiveCfg = Debug|Any CPU
		{9E7F4EBE-D77E-475E-928E-C96CAFB43698}.Debug|x64.Build.0 = Debug|Any CPU
		{9E7F4EBE-D77E-475E-928E-C96CAFB43698}.Debug|x86.ActiveCfg = Debug|Any CPU
		{9E7F4EBE-D77E-475E-928E-C96CAFB43698}.Debug|x86.Build.0 = Debug|Any CPU
		{9E7F4EBE-D77E-475E-928E-C96CAFB43698}.Release|Any CPU.ActiveCfg = Release|Any CPU
		{9E7F4EBE-D77E-475E-928E-C96CAFB43698}.Release|Any CPU.Build.0 = Release|Any CPU
		{9E7F4EBE-D77E-475E-928E-C96CAFB43698}.Release|x64.ActiveCfg = Release|Any CPU
		{9E7F4EBE-D77E-475E-928E-C96CAFB43698}.Release|x64.Build.0 = Release|Any CPU
		{9E7F4EBE-D77E-475E-928E-C96CAFB43698}.Release|x86.ActiveCfg = Release|Any CPU
		{9E7F4EBE-D77E-475E-928E-C96CAFB43698}.Release|x86.Build.0 = Release|Any CPU
		{5ED84691-F140-4461-86F5-CDD2CFE46818}.Debug|Any CPU.ActiveCfg = Debug|Any CPU
		{5ED84691-F140-4461-86F5-CDD2CFE46818}.Debug|Any CPU.Build.0 = Debug|Any CPU
		{5ED84691-F140-4461-86F5-CDD2CFE46818}.Debug|x64.ActiveCfg = Debug|Any CPU
		{5ED84691-F140-4461-86F5-CDD2CFE46818}.Debug|x64.Build.0 = Debug|Any CPU
		{5ED84691-F140-4461-86F5-CDD2CFE46818}.Debug|x86.ActiveCfg = Debug|Any CPU
		{5ED84691-F140-4461-86F5-CDD2CFE46818}.Debug|x86.Build.0 = Debug|Any CPU
		{5ED84691-F140-4461-86F5-CDD2CFE46818}.Release|Any CPU.ActiveCfg = Release|Any CPU
		{5ED84691-F140-4461-86F5-CDD2CFE46818}.Release|Any CPU.Build.0 = Release|Any CPU
		{5ED84691-F140-4461-86F5-CDD2CFE46818}.Release|x64.ActiveCfg = Release|Any CPU
		{5ED84691-F140-4461-86F5-CDD2CFE46818}.Release|x64.Build.0 = Release|Any CPU
		{5ED84691-F140-4461-86F5-CDD2CFE46818}.Release|x86.ActiveCfg = Release|Any CPU
		{5ED84691-F140-4461-86F5-CDD2CFE46818}.Release|x86.Build.0 = Release|Any CPU
		{9B7F79D9-4F8C-4887-B068-FAE9B017B2FF}.Debug|Any CPU.ActiveCfg = Debug|Any CPU
		{9B7F79D9-4F8C-4887-B068-FAE9B017B2FF}.Debug|Any CPU.Build.0 = Debug|Any CPU
		{9B7F79D9-4F8C-4887-B068-FAE9B017B2FF}.Debug|x64.ActiveCfg = Debug|Any CPU
		{9B7F79D9-4F8C-4887-B068-FAE9B017B2FF}.Debug|x64.Build.0 = Debug|Any CPU
		{9B7F79D9-4F8C-4887-B068-FAE9B017B2FF}.Debug|x86.ActiveCfg = Debug|Any CPU
		{9B7F79D9-4F8C-4887-B068-FAE9B017B2FF}.Debug|x86.Build.0 = Debug|Any CPU
		{9B7F79D9-4F8C-4887-B068-FAE9B017B2FF}.Release|Any CPU.ActiveCfg = Release|Any CPU
		{9B7F79D9-4F8C-4887-B068-FAE9B017B2FF}.Release|Any CPU.Build.0 = Release|Any CPU
		{9B7F79D9-4F8C-4887-B068-FAE9B017B2FF}.Release|x64.ActiveCfg = Release|Any CPU
		{9B7F79D9-4F8C-4887-B068-FAE9B017B2FF}.Release|x64.Build.0 = Release|Any CPU
		{9B7F79D9-4F8C-4887-B068-FAE9B017B2FF}.Release|x86.ActiveCfg = Release|Any CPU
		{9B7F79D9-4F8C-4887-B068-FAE9B017B2FF}.Release|x86.Build.0 = Release|Any CPU
		{80C95627-75C9-45EA-8C98-5A1764CF61D6}.Debug|Any CPU.ActiveCfg = Debug|Any CPU
		{80C95627-75C9-45EA-8C98-5A1764CF61D6}.Debug|Any CPU.Build.0 = Debug|Any CPU
		{80C95627-75C9-45EA-8C98-5A1764CF61D6}.Debug|x64.ActiveCfg = Debug|Any CPU
		{80C95627-75C9-45EA-8C98-5A1764CF61D6}.Debug|x64.Build.0 = Debug|Any CPU
		{80C95627-75C9-45EA-8C98-5A1764CF61D6}.Debug|x86.ActiveCfg = Debug|Any CPU
		{80C95627-75C9-45EA-8C98-5A1764CF61D6}.Debug|x86.Build.0 = Debug|Any CPU
		{80C95627-75C9-45EA-8C98-5A1764CF61D6}.Release|Any CPU.ActiveCfg = Release|Any CPU
		{80C95627-75C9-45EA-8C98-5A1764CF61D6}.Release|Any CPU.Build.0 = Release|Any CPU
		{80C95627-75C9-45EA-8C98-5A1764CF61D6}.Release|x64.ActiveCfg = Release|Any CPU
		{80C95627-75C9-45EA-8C98-5A1764CF61D6}.Release|x64.Build.0 = Release|Any CPU
		{80C95627-75C9-45EA-8C98-5A1764CF61D6}.Release|x86.ActiveCfg = Release|Any CPU
		{80C95627-75C9-45EA-8C98-5A1764CF61D6}.Release|x86.Build.0 = Release|Any CPU
	EndGlobalSection
	GlobalSection(SolutionProperties) = preSolution
		HideSolutionNode = FALSE
	EndGlobalSection
	GlobalSection(NestedProjects) = preSolution
		{28BC5198-E725-41A5-921F-1CF119A52488} = {98E3B392-9389-4193-B15A-114E3C17D5B2}
		{539345AF-DE45-460F-A26B-3322680453A6} = {28BC5198-E725-41A5-921F-1CF119A52488}
		{799C4C59-085D-4489-BA70-5434A335C3B1} = {28BC5198-E725-41A5-921F-1CF119A52488}
		{EF84FC8C-AB90-09E0-6811-A399A66A0C21} = {98E3B392-9389-4193-B15A-114E3C17D5B2}
		{C78EDE39-17EE-48D2-8FFD-61A08E9E14CF} = {EF84FC8C-AB90-09E0-6811-A399A66A0C21}
		{C1B844E1-FE4E-4195-9001-91BC48D5C8D0} = {EF84FC8C-AB90-09E0-6811-A399A66A0C21}
		{0CEB9FF1-5F51-F247-67CD-090CA9F52E47} = {30FC3232-6477-CCD6-94A9-BA7CFF9E93A0}
		{AC66CABC-5FB7-49B9-B30E-3BDB171EDD26} = {0CEB9FF1-5F51-F247-67CD-090CA9F52E47}
		{642AEDBC-97C4-4DC0-B635-2D521CFC986C} = {0CEB9FF1-5F51-F247-67CD-090CA9F52E47}
		{3F96A609-288E-63EB-EC4B-2EBED5811170} = {98E3B392-9389-4193-B15A-114E3C17D5B2}
		{947EF8AF-09CE-403A-9263-84D52EB2CDA3} = {3F96A609-288E-63EB-EC4B-2EBED5811170}
		{88739322-A8B7-4F21-91DE-0A82510CEB45} = {3F96A609-288E-63EB-EC4B-2EBED5811170}
		{B472A0AB-7796-BDA5-135C-C62B788F91F5} = {B7F0FD74-D10E-4DAC-15B0-2CB13D629525}
		{B8EC8F3E-6A26-4359-8F57-1DC3B98E3E93} = {B472A0AB-7796-BDA5-135C-C62B788F91F5}
		{2AECD9CB-7616-4B0A-B86F-6B16CCBB80F5} = {B472A0AB-7796-BDA5-135C-C62B788F91F5}
		{CC397BF5-226B-3826-BE11-7BFA7E3F5B1A} = {30FC3232-6477-CCD6-94A9-BA7CFF9E93A0}
		{5D9ED92D-D238-4CA8-A3F2-B9F98DF87284} = {CC397BF5-226B-3826-BE11-7BFA7E3F5B1A}
		{536D1B40-340F-4AAE-9FEB-156180347DDB} = {CC397BF5-226B-3826-BE11-7BFA7E3F5B1A}
		{CD60C9B3-4270-F7B0-BB63-A62E0600FD9D} = {B7F0FD74-D10E-4DAC-15B0-2CB13D629525}
		{5C16EA5E-042A-4581-9400-151577A309A1} = {CD60C9B3-4270-F7B0-BB63-A62E0600FD9D}
		{4A8485A4-B69F-4B71-AA1C-06A84251C029} = {CD60C9B3-4270-F7B0-BB63-A62E0600FD9D}
		{25B9708A-B2BB-CA91-5FFE-676A6EAE51E6} = {30FC3232-6477-CCD6-94A9-BA7CFF9E93A0}
		{5D09A9D4-F3C5-45C5-9C5D-DDEBC316581A} = {25B9708A-B2BB-CA91-5FFE-676A6EAE51E6}
		{E2EC2718-00B3-4333-8A19-8C8F4BD1926E} = {25B9708A-B2BB-CA91-5FFE-676A6EAE51E6}
		{59284318-7911-E097-F0B4-FB199064F136} = {30FC3232-6477-CCD6-94A9-BA7CFF9E93A0}
		{86D9B896-D34F-4B9A-BFC5-336C271479BF} = {59284318-7911-E097-F0B4-FB199064F136}
		{19A80589-2E8E-49CB-8558-B3A3EB4052BD} = {59284318-7911-E097-F0B4-FB199064F136}
		{DD29013A-7283-3CFC-1B29-AEAD313B2D6F} = {30FC3232-6477-CCD6-94A9-BA7CFF9E93A0}
		{6D85B70C-2B2B-4F2D-9C78-F309E9C6C7D5} = {DD29013A-7283-3CFC-1B29-AEAD313B2D6F}
		{45C06773-07A9-4378-A333-D86490BC771B} = {DD29013A-7283-3CFC-1B29-AEAD313B2D6F}
		{315DA31C-FFFA-F521-25F8-91D878ED3D1C} = {B84763AB-2C0A-15F6-85D9-5C63AF1F83B9}
		{86F305E0-19AE-4C36-8A8A-E7096BE4E740} = {315DA31C-FFFA-F521-25F8-91D878ED3D1C}
		{CEF83676-CE02-41E8-8B81-1EF20FE63E9B} = {315DA31C-FFFA-F521-25F8-91D878ED3D1C}
		{B58AB4CE-137A-39B2-563D-5251A1F37346} = {30FC3232-6477-CCD6-94A9-BA7CFF9E93A0}
		{79D30A8E-ACFD-41E9-B494-3F43D9818BB4} = {B58AB4CE-137A-39B2-563D-5251A1F37346}
		{F95B0FB4-2EF5-41B1-8B0F-9E711823A89E} = {B58AB4CE-137A-39B2-563D-5251A1F37346}
		{435B8F76-864E-8864-424E-2089FDE2E195} = {30FC3232-6477-CCD6-94A9-BA7CFF9E93A0}
		{0EC56521-F2D7-4507-ADBB-1E66537D2EBA} = {435B8F76-864E-8864-424E-2089FDE2E195}
		{4C50E8CE-51E6-416C-9E87-7B0DC5DE7370} = {435B8F76-864E-8864-424E-2089FDE2E195}
		{530DE880-3135-1E0E-A97B-BF5668889A49} = {30FC3232-6477-CCD6-94A9-BA7CFF9E93A0}
		{7AFC51C8-29EA-4674-9FCA-D4F46607D48E} = {530DE880-3135-1E0E-A97B-BF5668889A49}
		{D61DFFF7-AB53-4449-A1C9-929005ED3975} = {530DE880-3135-1E0E-A97B-BF5668889A49}
		{4F6D711F-6405-F7C7-ED36-33721678DD06} = {EB21DE35-177B-7925-85FC-490A0361D823}
		{B1ADA0CC-785E-4DFA-A21E-1E8C0D9AA1E4} = {4F6D711F-6405-F7C7-ED36-33721678DD06}
		{28429BA0-9ABA-4A9D-8F12-0974A9CC0CC4} = {4F6D711F-6405-F7C7-ED36-33721678DD06}
		{2984D5A6-4DD1-C1AC-118D-C01B925B6098} = {30FC3232-6477-CCD6-94A9-BA7CFF9E93A0}
		{9B7F79D9-4F8C-4887-B068-FAE9B017B2FF} = {2984D5A6-4DD1-C1AC-118D-C01B925B6098}
		{80C95627-75C9-45EA-8C98-5A1764CF61D6} = {2984D5A6-4DD1-C1AC-118D-C01B925B6098}
		{91DD48A2-5787-26DF-8CB7-337B8FA836B9} = {44D44398-2A6E-0B55-6EAB-C346F2DBF547}
		{9E7F4EBE-D77E-475E-928E-C96CAFB43698} = {91DD48A2-5787-26DF-8CB7-337B8FA836B9}
		{5ED84691-F140-4461-86F5-CDD2CFE46818} = {91DD48A2-5787-26DF-8CB7-337B8FA836B9}
	EndGlobalSection
EndGlobal
